
Microsoft Visual Studio Solution File, Format Version 12.00
# Visual Studio Version 16
VisualStudioVersion = 16.0.29806.167
MinimumVisualStudioVersion = 10.0.40219.1
Project("{FAE04EC0-301F-11D3-BF4B-00C04F79EFBC}") = "Tech-Ovni", "Tech-Ovni\Tech-Ovni.csproj", "{8F34F122-B845-4F47-B09B-23EF5A47A75A}"
EndProject
Global
	GlobalSection(SolutionConfigurationPlatforms) = preSolution
		Debug|Any CPU = Debug|Any CPU
		Release|Any CPU = Release|Any CPU
	EndGlobalSection
	GlobalSection(ProjectConfigurationPlatforms) = postSolution
		{8F34F122-B845-4F47-B09B-23EF5A47A75A}.Debug|Any CPU.ActiveCfg = Debug|Any CPU
		{8F34F122-B845-4F47-B09B-23EF5A47A75A}.Debug|Any CPU.Build.0 = Debug|Any CPU
		{8F34F122-B845-4F47-B09B-23EF5A47A75A}.Release|Any CPU.ActiveCfg = Release|Any CPU
		{8F34F122-B845-4F47-B09B-23EF5A47A75A}.Release|Any CPU.Build.0 = Release|Any CPU
	EndGlobalSection
	GlobalSection(SolutionProperties) = preSolution
		HideSolutionNode = FALSE
	EndGlobalSection
	GlobalSection(ExtensibilityGlobals) = postSolution
		SolutionGuid = {D0257C7C-9FFF-43A9-BAC3-33A03E06EAFB}
	EndGlobalSection
EndGlobal
